
Microsoft Visual Studio Solution File, Format Version 12.00
# Visual Studio Version 17
VisualStudioVersion = 17.14.37314.3 d17.14
MinimumVisualStudioVersion = 10.0.40219.1
Project("{8BC9CEB8-8B4A-11D0-8D11-00A0C91BC942}") = "MCWMongoDB", "MCWMongoDB.vcxproj", "{ECECF262-ABA5-4837-8169-4D1688B14D6A}"
EndProject
Global
	GlobalSection(SolutionConfigurationPlatforms) = preSolution
		Debug|x64 = Debug|x64
		Release|x64 = Release|x64
	EndGlobalSection
	GlobalSection(ProjectConfigurationPlatforms) = postSolution
		{ECECF262-ABA5-4837-8169-4D1688B14D6A}.Debug|x64.ActiveCfg = Debug|x64
		{ECECF262-ABA5-4837-8169-4D1688B14D6A}.Debug|x64.Build.0 = Debug|x64
		{ECECF262-ABA5-4837-8169-4D1688B14D6A}.Release|x64.ActiveCfg = Release|x64
		{ECECF262-ABA5-4837-8169-4D1688B14D6A}.Release|x64.Build.0 = Release|x64
	EndGlobalSection
	GlobalSection(SolutionProperties) = preSolution
		HideSolutionNode = FALSE
	EndGlobalSection
	GlobalSection(ExtensibilityGlobals) = postSolution
		SolutionGuid = {3A7AAC66-8823-47DC-A623-AD9EA711C9EA}
	EndGlobalSection
EndGlobal
